
Microsoft Visual Studio Solution File, Format Version 12.00
# Visual Studio Version 16
VisualStudioVersion = 16.0.31729.503
MinimumVisualStudioVersion = 10.0.40219.1
Project("{FAE04EC0-301F-11D3-BF4B-00C04F79EFBC}") = "Pong", "Pong.csproj", "{8069F5CD-8AC4-458D-A617-F2B41018BF0B}"
EndProject
Global
	GlobalSection(SolutionConfigurationPlatforms) = preSolution
		Debug|Any CPU = Debug|Any CPU
		Release|Any CPU = Release|Any CPU
	EndGlobalSection
	GlobalSection(ProjectConfigurationPlatforms) = postSolution
		{8069F5CD-8AC4-458D-A617-F2B41018BF0B}.Debug|Any CPU.ActiveCfg = Debug|Any CPU
		{8069F5CD-8AC4-458D-A617-F2B41018BF0B}.Debug|Any CPU.Build.0 = Debug|Any CPU
		{8069F5CD-8AC4-458D-A617-F2B41018BF0B}.Release|Any CPU.ActiveCfg = Release|Any CPU
		{8069F5CD-8AC4-458D-A617-F2B41018BF0B}.Release|Any CPU.Build.0 = Release|Any CPU
	EndGlobalSection
	GlobalSection(SolutionProperties) = preSolution
		HideSolutionNode = FALSE
	EndGlobalSection
	GlobalSection(ExtensibilityGlobals) = postSolution
		SolutionGuid = {95981839-98CB-423E-89D8-2B54172EDF9A}
	EndGlobalSection
EndGlobal
